
Microsoft Visual Studio Solution File, Format Version 12.00
# Visual Studio 15
VisualStudioVersion = 15.0.27428.2043
MinimumVisualStudioVersion = 10.0.40219.1
Project("{8BC9CEB8-8B4A-11D0-8D11-00A0C91BC942}") = "ways_by_neighbor", "ways_by_neighbor\ways_by_neighbor.vcxproj", "{451FF2FB-85DC-4F64-A2CF-90DE1DE87C7C}"
EndProject
Global
	GlobalSection(SolutionConfigurationPlatforms) = preSolution
		Debug|x64 = Debug|x64
		Debug|x86 = Debug|x86
		Release|x64 = Release|x64
		Release|x86 = Release|x86
	EndGlobalSection
	GlobalSection(ProjectConfigurationPlatforms) = postSolution
		{451FF2FB-85DC-4F64-A2CF-90DE1DE87C7C}.Debug|x64.ActiveCfg = Debug|x64
		{451FF2FB-85DC-4F64-A2CF-90DE1DE87C7C}.Debug|x64.Build.0 = Debug|x64
		{451FF2FB-85DC-4F64-A2CF-90DE1DE87C7C}.Debug|x86.ActiveCfg = Debug|Win32
		{451FF2FB-85DC-4F64-A2CF-90DE1DE87C7C}.Debug|x86.Build.0 = Debug|Win32
		{451FF2FB-85DC-4F64-A2CF-90DE1DE87C7C}.Release|x64.ActiveCfg = Release|x64
		{451FF2FB-85DC-4F64-A2CF-90DE1DE87C7C}.Release|x64.Build.0 = Release|x64
		{451FF2FB-85DC-4F64-A2CF-90DE1DE87C7C}.Release|x86.ActiveCfg = Release|Win32
		{451FF2FB-85DC-4F64-A2CF-90DE1DE87C7C}.Release|x86.Build.0 = Release|Win32
	EndGlobalSection
	GlobalSection(SolutionProperties) = preSolution
		HideSolutionNode = FALSE
	EndGlobalSection
	GlobalSection(ExtensibilityGlobals) = postSolution
		SolutionGuid = {DAAE4084-F9F0-4B65-BF0F-20C3F1A08F4A}
	EndGlobalSection
EndGlobal
